
Microsoft Visual Studio Solution File, Format Version 12.00
# Visual Studio 15
VisualStudioVersion = 15.0.26228.9
MinimumVisualStudioVersion = 10.0.40219.1
Project("{8BC9CEB8-8B4A-11D0-8D11-00A0C91BC942}") = "console", "console\console.vcxproj", "{C3B54F02-A152-4096-8FA0-2D10B3BB4FA3}"
EndProject
Project("{8BC9CEB8-8B4A-11D0-8D11-00A0C91BC942}") = "renderstatistics", "renderstatistics\renderstatistics.vcxproj", "{7DEAD50D-B1E7-4A84-BE03-97A960733B68}"
EndProject
Project("{8BC9CEB8-8B4A-11D0-8D11-00A0C91BC942}") = "tests", "tests\tests.vcxproj", "{FC6D6973-E7D3-4BDF-9A9D-BF956191547F}"
	ProjectSection(ProjectDependencies) = postProject
		{C3B54F02-A152-4096-8FA0-2D10B3BB4FA3} = {C3B54F02-A152-4096-8FA0-2D10B3BB4FA3}
		{7DEAD50D-B1E7-4A84-BE03-97A960733B68} = {7DEAD50D-B1E7-4A84-BE03-97A960733B68}
	EndProjectSection
EndProject
Global
	GlobalSection(SolutionConfigurationPlatforms) = preSolution
		Debug|x64 = Debug|x64
		Debug|x86 = Debug|x86
		Release|x64 = Release|x64
		Release|x86 = Release|x86
		Tests|x64 = Tests|x64
		Tests|x86 = Tests|x86
	EndGlobalSection
	GlobalSection(ProjectConfigurationPlatforms) = postSolution
		{C3B54F02-A152-4096-8FA0-2D10B3BB4FA3}.Debug|x64.ActiveCfg = Debug|x64
		{C3B54F02-A152-4096-8FA0-2D10B3BB4FA3}.Debug|x64.Build.0 = Debug|x64
		{C3B54F02-A152-4096-8FA0-2D10B3BB4FA3}.Debug|x86.ActiveCfg = Debug|Win32
		{C3B54F02-A152-4096-8FA0-2D10B3BB4FA3}.Debug|x86.Build.0 = Debug|Win32
		{C3B54F02-A152-4096-8FA0-2D10B3BB4FA3}.Release|x64.ActiveCfg = Release|x64
		{C3B54F02-A152-4096-8FA0-2D10B3BB4FA3}.Release|x64.Build.0 = Release|x64
		{C3B54F02-A152-4096-8FA0-2D10B3BB4FA3}.Release|x86.ActiveCfg = Release|Win32
		{C3B54F02-A152-4096-8FA0-2D10B3BB4FA3}.Release|x86.Build.0 = Release|Win32
		{C3B54F02-A152-4096-8FA0-2D10B3BB4FA3}.Tests|x64.ActiveCfg = Tests|x64
		{C3B54F02-A152-4096-8FA0-2D10B3BB4FA3}.Tests|x64.Build.0 = Tests|x64
		{C3B54F02-A152-4096-8FA0-2D10B3BB4FA3}.Tests|x86.ActiveCfg = Release|x64
		{C3B54F02-A152-4096-8FA0-2D10B3BB4FA3}.Tests|x86.Build.0 = Release|x64
		{7DEAD50D-B1E7-4A84-BE03-97A960733B68}.Debug|x64.ActiveCfg = Debug|x64
		{7DEAD50D-B1E7-4A84-BE03-97A960733B68}.Debug|x64.Build.0 = Debug|x64
		{7DEAD50D-B1E7-4A84-BE03-97A960733B68}.Debug|x86.ActiveCfg = Debug|Win32
		{7DEAD50D-B1E7-4A84-BE03-97A960733B68}.Debug|x86.Build.0 = Debug|Win32
		{7DEAD50D-B1E7-4A84-BE03-97A960733B68}.Release|x64.ActiveCfg = Release|x64
		{7DEAD50D-B1E7-4A84-BE03-97A960733B68}.Release|x64.Build.0 = Release|x64
		{7DEAD50D-B1E7-4A84-BE03-97A960733B68}.Release|x86.ActiveCfg = Release|Win32
		{7DEAD50D-B1E7-4A84-BE03-97A960733B68}.Release|x86.Build.0 = Release|Win32
		{7DEAD50D-B1E7-4A84-BE03-97A960733B68}.Tests|x64.ActiveCfg = Tests|x64
		{7DEAD50D-B1E7-4A84-BE03-97A960733B68}.Tests|x64.Build.0 = Tests|x64
		{7DEAD50D-B1E7-4A84-BE03-97A960733B68}.Tests|x86.ActiveCfg = Release|x64
		{7DEAD50D-B1E7-4A84-BE03-97A960733B68}.Tests|x86.Build.0 = Release|x64
		{FC6D6973-E7D3-4BDF-9A9D-BF956191547F}.Debug|x64.ActiveCfg = Tests|x64
		{FC6D6973-E7D3-4BDF-9A9D-BF956191547F}.Debug|x64.Build.0 = Tests|x64
		{FC6D6973-E7D3-4BDF-9A9D-BF956191547F}.Debug|x86.ActiveCfg = Tests|Win32
		{FC6D6973-E7D3-4BDF-9A9D-BF956191547F}.Debug|x86.Build.0 = Tests|Win32
		{FC6D6973-E7D3-4BDF-9A9D-BF956191547F}.Release|x64.ActiveCfg = Tests|Win32
		{FC6D6973-E7D3-4BDF-9A9D-BF956191547F}.Release|x64.Build.0 = Tests|Win32
		{FC6D6973-E7D3-4BDF-9A9D-BF956191547F}.Release|x86.ActiveCfg = Tests|Win32
		{FC6D6973-E7D3-4BDF-9A9D-BF956191547F}.Release|x86.Build.0 = Tests|Win32
		{FC6D6973-E7D3-4BDF-9A9D-BF956191547F}.Tests|x64.ActiveCfg = Tests|x64
		{FC6D6973-E7D3-4BDF-9A9D-BF956191547F}.Tests|x64.Build.0 = Tests|x64
		{FC6D6973-E7D3-4BDF-9A9D-BF956191547F}.Tests|x86.ActiveCfg = Tests|Win32
		{FC6D6973-E7D3-4BDF-9A9D-BF956191547F}.Tests|x86.Build.0 = Tests|Win32
	EndGlobalSection
	GlobalSection(SolutionProperties) = preSolution
		HideSolutionNode = FALSE
	EndGlobalSection
EndGlobal
