<?xml version="1.0" encoding="utf-8"?>
<Project ToolsVersion="4.0" xmlns="http://schemas.microsoft.com/developer/msbuild/2003">
  <ItemGroup>
    <Filter Include="Source Files">
      <UniqueIdentifier>{4FC737F1-C7A5-4376-A066-2A32D752A2FF}</UniqueIdentifier>
      <Extensions>cpp;c;cc;cxx;def;odl;idl;hpj;bat;asm;asmx</Extensions>
    </Filter>
    <Filter Include="Header Files">
      <UniqueIdentifier>{93995380-89BD-4b04-88EB-625FBE52EBFB}</UniqueIdentifier>
      <Extensions>h;hh;hpp;hxx;hm;inl;inc;xsd</Extensions>
    </Filter>
    <Filter Include="Resource Files">
      <UniqueIdentifier>{67DA6AB6-F800-4c08-8B7A-83BB121AAD01}</UniqueIdentifier>
      <Extensions>rc;ico;cur;bmp;dlg;rc2;rct;bin;rgs;gif;jpg;jpeg;jpe;resx;tiff;tif;png;wav;mfcribbon-ms</Extensions>
    </Filter>
    <Filter Include="Meta Object Files">
      <UniqueIdentifier>{3c22642d-1460-4592-b7fe-5e9115eaabcc}</UniqueIdentifier>
    </Filter>
    <Filter Include="Fixtures">
      <UniqueIdentifier>{553af720-acca-4dc2-b62e-b2ecfb15a486}</UniqueIdentifier>
    </Filter>
    <Filter Include="Documentation">
      <UniqueIdentifier>{1e8e8f30-95ac-43bc-a07f-2aa6d1f97f01}</UniqueIdentifier>
    </Filter>
    <Filter Include="Scripts">
      <UniqueIdentifier>{8a21ff3b-beb8-497e-83b1-943b38f2d50b}</UniqueIdentifier>
    </Filter>
  </ItemGroup>
  <ItemGroup>
    <ClCompile Include="console-test.cpp">
      <Filter>Source Files</Filter>
    </ClCompile>
    <ClCompile Include="test-runner.cpp">
      <Filter>Source Files</Filter>
    </ClCompile>
    <ClCompile Include="statistics-test.cpp">
      <Filter>Source Files</Filter>
    </ClCompile>
    <ClCompile Include="moc\console-test_moc.cpp">
      <Filter>Meta Object Files</Filter>
    </ClCompile>
    <ClCompile Include="moc\statistics-test_moc.cpp">
      <Filter>Meta Object Files</Filter>
    </ClCompile>
  </ItemGroup>
  <ItemGroup>
    <CustomBuild Include="console-test.h">
      <Filter>Header Files</Filter>
    </CustomBuild>
    <CustomBuild Include="statistics-test.h">
      <Filter>Header Files</Filter>
    </CustomBuild>
  </ItemGroup>
  <ItemGroup>
    <None Include="packages.config" />
    <None Include="LICENSE">
      <Filter>Documentation</Filter>
    </None>
    <None Include="..\README.md">
      <Filter>Documentation</Filter>
    </None>
    <None Include="..\scripts\copy-testfixtures.bat">
      <Filter>Scripts</Filter>
    </None>
  </ItemGroup>
  <ItemGroup>
    <Text Include="fixtures\log.txt">
      <Filter>Fixtures</Filter>
    </Text>
  </ItemGroup>
  <ItemGroup>
    <ClInclude Include="console-test-macros.h">
      <Filter>Header Files</Filter>
    </ClInclude>
    <ClInclude Include="console-test-constants.h">
      <Filter>Header Files</Filter>
    </ClInclude>
    <ClInclude Include="statistics-test-constants.h">
      <Filter>Header Files</Filter>
    </ClInclude>
    <ClInclude Include="statistics-test-macros.h">
      <Filter>Header Files</Filter>
    </ClInclude>
  </ItemGroup>
</Project>