<?xml version="1.0" encoding="utf-8"?>
<Project ToolsVersion="4.0" xmlns="http://schemas.microsoft.com/developer/msbuild/2003">
  <ItemGroup>
    <Filter Include="Source Files">
      <UniqueIdentifier>{4FC737F1-C7A5-4376-A066-2A32D752A2FF}</UniqueIdentifier>
      <Extensions>cpp;c;cc;cxx;def;odl;idl;hpj;bat;asm;asmx</Extensions>
    </Filter>
    <Filter Include="Header Files">
      <UniqueIdentifier>{93995380-89BD-4b04-88EB-625FBE52EBFB}</UniqueIdentifier>
      <Extensions>h;hh;hpp;hxx;hm;inl;inc;xsd</Extensions>
    </Filter>
    <Filter Include="Resource Files">
      <UniqueIdentifier>{67DA6AB6-F800-4c08-8B7A-83BB121AAD01}</UniqueIdentifier>
      <Extensions>rc;ico;cur;bmp;dlg;rc2;rct;bin;rgs;gif;jpg;jpeg;jpe;resx;tiff;tif;png;wav;mfcribbon-ms</Extensions>
    </Filter>
    <Filter Include="Documentation">
      <UniqueIdentifier>{474c6000-3ac7-4013-beab-56c6540328e5}</UniqueIdentifier>
    </Filter>
    <Filter Include="Meta Object Files">
      <UniqueIdentifier>{6bfab7a6-2596-4a20-8ed6-9471782c4707}</UniqueIdentifier>
    </Filter>
    <Filter Include="Scripts">
      <UniqueIdentifier>{4dc18939-a439-4a1e-b241-0686406a2b9c}</UniqueIdentifier>
    </Filter>
  </ItemGroup>
  <ItemGroup>
    <None Include="..\README.md">
      <Filter>Documentation</Filter>
    </None>
    <None Include="TODO.md">
      <Filter>Documentation</Filter>
    </None>
    <None Include="LICENSE">
      <Filter>Documentation</Filter>
    </None>
    <None Include="preciment.def">
      <Filter>Source Files</Filter>
    </None>
  </ItemGroup>
  <ItemGroup>
    <ClCompile Include="preciment_plugin.cpp">
      <Filter>Source Files</Filter>
    </ClCompile>
    <ClCompile Include="preciment_control_action.cpp">
      <Filter>Source Files</Filter>
    </ClCompile>
    <ClCompile Include="moc\preciment_control_action_moc.cpp">
      <Filter>Meta Object Files</Filter>
    </ClCompile>
    <ClCompile Include="preciment_toggle_action.cpp">
      <Filter>Source Files</Filter>
    </ClCompile>
    <ClCompile Include="moc\preciment_toggle_action_moc.cpp">
      <Filter>Meta Object Files</Filter>
    </ClCompile>
    <ClCompile Include="preciment_settings.cpp">
      <Filter>Source Files</Filter>
    </ClCompile>
    <ClCompile Include="preciment_property_modifier.cpp">
      <Filter>Source Files</Filter>
    </ClCompile>
    <ClCompile Include="moc\preciment_property_modifier_moc.cpp">
      <Filter>Meta Object Files</Filter>
    </ClCompile>
    <ClCompile Include="preciment_settings_manager.cpp">
      <Filter>Source Files</Filter>
    </ClCompile>
    <ClCompile Include="moc\preciment_settings_manager_moc.cpp">
      <Filter>Meta Object Files</Filter>
    </ClCompile>
    <ClCompile Include="preciment_control_dialog.cpp">
      <Filter>Source Files</Filter>
    </ClCompile>
    <ClCompile Include="moc\preciment_control_dialog_moc.cpp">
      <Filter>Meta Object Files</Filter>
    </ClCompile>
  </ItemGroup>
  <ItemGroup>
    <ClInclude Include="resource.h">
      <Filter>Header Files</Filter>
    </ClInclude>
    <ClInclude Include="preciment_version.h">
      <Filter>Header Files</Filter>
    </ClInclude>
    <ClInclude Include="preciment_guid.h">
      <Filter>Header Files</Filter>
    </ClInclude>
    <ClInclude Include="preciment_settings.h">
      <Filter>Header Files</Filter>
    </ClInclude>
    <ClInclude Include="preciment_control_dialog.h">
      <Filter>Header Files</Filter>
    </ClInclude>
  </ItemGroup>
  <ItemGroup>
    <ResourceCompile Include="preciment.rc">
      <Filter>Resource Files</Filter>
    </ResourceCompile>
  </ItemGroup>
  <ItemGroup>
    <CustomBuild Include="preciment_control_action.h">
      <Filter>Header Files</Filter>
    </CustomBuild>
    <CustomBuild Include="preciment_toggle_action.h">
      <Filter>Header Files</Filter>
    </CustomBuild>
    <CustomBuild Include="preciment_property_modifier.h">
      <Filter>Header Files</Filter>
    </CustomBuild>
    <CustomBuild Include="preciment_settings_manager.h">
      <Filter>Header Files</Filter>
    </CustomBuild>
  </ItemGroup>
</Project>