<?xml version="1.0" encoding="utf-8"?>
<Project ToolsVersion="4.0" xmlns="http://schemas.microsoft.com/developer/msbuild/2003">
  <ItemGroup>
    <Filter Include="Source Files">
      <UniqueIdentifier>{4FC737F1-C7A5-4376-A066-2A32D752A2FF}</UniqueIdentifier>
      <Extensions>cpp;c;cc;cxx;def;odl;idl;hpj;bat;asm;asmx</Extensions>
    </Filter>
    <Filter Include="Header Files">
      <UniqueIdentifier>{93995380-89BD-4b04-88EB-625FBE52EBFB}</UniqueIdentifier>
      <Extensions>h;hh;hpp;hxx;hm;inl;inc;xsd</Extensions>
    </Filter>
    <Filter Include="Resource Files">
      <UniqueIdentifier>{67DA6AB6-F800-4c08-8B7A-83BB121AAD01}</UniqueIdentifier>
      <Extensions>rc;ico;cur;bmp;dlg;rc2;rct;bin;rgs;gif;jpg;jpeg;jpe;resx;tiff;tif;png;wav;mfcribbon-ms</Extensions>
    </Filter>
    <Filter Include="Meta Object Files">
      <UniqueIdentifier>{ab2fffa3-db66-4e7f-a17a-9bc75cc1a34f}</UniqueIdentifier>
    </Filter>
    <Filter Include="Documentation">
      <UniqueIdentifier>{62ac4fec-c883-4072-ae21-5f094f10bb3b}</UniqueIdentifier>
    </Filter>
  </ItemGroup>
  <ItemGroup>
    <ClInclude Include="version.h">
      <Filter>Header Files</Filter>
    </ClInclude>
    <ClInclude Include="guid.h">
      <Filter>Header Files</Filter>
    </ClInclude>
    <ClInclude Include="console.h">
      <Filter>Header Files</Filter>
    </ClInclude>
    <ClInclude Include="constants.h">
      <Filter>Header Files</Filter>
    </ClInclude>
    <ClInclude Include="resource.h">
      <Filter>Header Files</Filter>
    </ClInclude>
  </ItemGroup>
  <ItemGroup>
    <ClCompile Include="pluginmain.cpp">
      <Filter>Source Files</Filter>
    </ClCompile>
    <ClCompile Include="console.cpp">
      <Filter>Source Files</Filter>
    </ClCompile>
    <ClCompile Include="console_reload_action.cpp">
      <Filter>Source Files</Filter>
    </ClCompile>
    <ClCompile Include="console_clear_action.cpp">
      <Filter>Source Files</Filter>
    </ClCompile>
    <ClCompile Include="console_properties_action.cpp">
      <Filter>Source Files</Filter>
    </ClCompile>
    <ClCompile Include="console_pane.cpp">
      <Filter>Source Files</Filter>
    </ClCompile>
    <ClCompile Include="console_properties_dialog.cpp">
      <Filter>Source Files</Filter>
    </ClCompile>
    <ClCompile Include="console_settings.cpp">
      <Filter>Source Files</Filter>
    </ClCompile>
    <ClCompile Include="moc\console_clear_action_moc.cpp">
      <Filter>Meta Object Files</Filter>
    </ClCompile>
    <ClCompile Include="moc\console_pane_action_moc.cpp">
      <Filter>Meta Object Files</Filter>
    </ClCompile>
    <ClCompile Include="moc\console_pane_moc.cpp">
      <Filter>Meta Object Files</Filter>
    </ClCompile>
    <ClCompile Include="moc\console_properties_action_moc.cpp">
      <Filter>Meta Object Files</Filter>
    </ClCompile>
    <ClCompile Include="moc\console_properties_dialog_moc.cpp">
      <Filter>Meta Object Files</Filter>
    </ClCompile>
    <ClCompile Include="moc\console_reload_action_moc.cpp">
      <Filter>Meta Object Files</Filter>
    </ClCompile>
    <ClCompile Include="moc\console_settings_moc.cpp">
      <Filter>Meta Object Files</Filter>
    </ClCompile>
  </ItemGroup>
  <ItemGroup>
    <CustomBuild Include="console_clear_action.h">
      <Filter>Header Files</Filter>
    </CustomBuild>
    <CustomBuild Include="console_properties_action.h">
      <Filter>Header Files</Filter>
    </CustomBuild>
    <CustomBuild Include="console_reload_action.h">
      <Filter>Header Files</Filter>
    </CustomBuild>
    <CustomBuild Include="console_pane.h">
      <Filter>Header Files</Filter>
    </CustomBuild>
    <CustomBuild Include="console_pane_action.h">
      <Filter>Header Files</Filter>
    </CustomBuild>
    <CustomBuild Include="console_properties_dialog.h">
      <Filter>Header Files</Filter>
    </CustomBuild>
    <CustomBuild Include="console_settings.h">
      <Filter>Header Files</Filter>
    </CustomBuild>
  </ItemGroup>
  <ItemGroup>
    <None Include="console.def">
      <Filter>Source Files</Filter>
    </None>
    <None Include="..\README.md">
      <Filter>Documentation</Filter>
    </None>
    <None Include="..\.gitignore" />
    <None Include="TODO.md">
      <Filter>Documentation</Filter>
    </None>
    <None Include="LICENSE">
      <Filter>Documentation</Filter>
    </None>
  </ItemGroup>
  <ItemGroup>
    <ResourceCompile Include="console.rc">
      <Filter>Resource Files</Filter>
    </ResourceCompile>
  </ItemGroup>
</Project>