<?xml version="1.0" encoding="utf-8"?>
<Project ToolsVersion="4.0" xmlns="http://schemas.microsoft.com/developer/msbuild/2003">
  <ItemGroup>
    <Filter Include="Source Files">
      <UniqueIdentifier>{4FC737F1-C7A5-4376-A066-2A32D752A2FF}</UniqueIdentifier>
      <Extensions>cpp;c;cc;cxx;def;odl;idl;hpj;bat;asm;asmx</Extensions>
    </Filter>
    <Filter Include="Header Files">
      <UniqueIdentifier>{93995380-89BD-4b04-88EB-625FBE52EBFB}</UniqueIdentifier>
      <Extensions>h;hh;hpp;hxx;hm;inl;inc;xsd</Extensions>
    </Filter>
    <Filter Include="Resource Files">
      <UniqueIdentifier>{67DA6AB6-F800-4c08-8B7A-83BB121AAD01}</UniqueIdentifier>
      <Extensions>rc;ico;cur;bmp;dlg;rc2;rct;bin;rgs;gif;jpg;jpeg;jpe;resx;tiff;tif;png;wav;mfcribbon-ms</Extensions>
    </Filter>
    <Filter Include="Meta Object Files">
      <UniqueIdentifier>{9eb7decf-e06f-491b-bb77-32c150b8e481}</UniqueIdentifier>
    </Filter>
    <Filter Include="Documentation">
      <UniqueIdentifier>{4fdb8630-eb00-48b2-9408-b3ec2bef7321}</UniqueIdentifier>
    </Filter>
    <Filter Include="Scripts">
      <UniqueIdentifier>{2c64b4df-dc32-49c9-aaaf-ddbc32665c0e}</UniqueIdentifier>
    </Filter>
  </ItemGroup>
  <ItemGroup>
    <ClCompile Include="rs_clear_action.cpp">
      <Filter>Source Files</Filter>
    </ClCompile>
    <ClCompile Include="rs_dzstatistics.cpp">
      <Filter>Source Files</Filter>
    </ClCompile>
    <ClCompile Include="rs_logger.cpp">
      <Filter>Source Files</Filter>
    </ClCompile>
    <ClCompile Include="rs_pane.cpp">
      <Filter>Source Files</Filter>
    </ClCompile>
    <ClCompile Include="rs_plugin.cpp">
      <Filter>Source Files</Filter>
    </ClCompile>
    <ClCompile Include="rs_qrenderimagebutton.cpp">
      <Filter>Source Files</Filter>
    </ClCompile>
    <ClCompile Include="rs_qstatisticslayout.cpp">
      <Filter>Source Files</Filter>
    </ClCompile>
    <ClCompile Include="rs_renderimage_dialog.cpp">
      <Filter>Source Files</Filter>
    </ClCompile>
    <ClCompile Include="rs_statistics.cpp">
      <Filter>Source Files</Filter>
    </ClCompile>
    <ClCompile Include="moc\rs_clear_action_moc.cpp">
      <Filter>Meta Object Files</Filter>
    </ClCompile>
    <ClCompile Include="moc\rs_pane_action_moc.cpp">
      <Filter>Meta Object Files</Filter>
    </ClCompile>
    <ClCompile Include="moc\rs_pane_moc.cpp">
      <Filter>Meta Object Files</Filter>
    </ClCompile>
    <ClCompile Include="moc\rs_qrenderimagebutton_moc.cpp">
      <Filter>Meta Object Files</Filter>
    </ClCompile>
    <ClCompile Include="moc\rs_qstatisticslayout_moc.cpp">
      <Filter>Meta Object Files</Filter>
    </ClCompile>
    <ClCompile Include="moc\rs_renderimage_dialog_moc.cpp">
      <Filter>Meta Object Files</Filter>
    </ClCompile>
    <ClCompile Include="rs_setup_action.cpp">
      <Filter>Source Files</Filter>
    </ClCompile>
    <ClCompile Include="rs_settings.cpp">
      <Filter>Source Files</Filter>
    </ClCompile>
    <ClCompile Include="rs_settings_dialog.cpp">
      <Filter>Source Files</Filter>
    </ClCompile>
    <ClCompile Include="moc\rs_settings_dialog_moc.cpp">
      <Filter>Meta Object Files</Filter>
    </ClCompile>
    <ClCompile Include="moc\rs_settings_moc.cpp">
      <Filter>Meta Object Files</Filter>
    </ClCompile>
    <ClCompile Include="moc\rs_setup_action_moc.cpp">
      <Filter>Meta Object Files</Filter>
    </ClCompile>
  </ItemGroup>
  <ItemGroup>
    <ClInclude Include="resource.h">
      <Filter>Header Files</Filter>
    </ClInclude>
    <ClInclude Include="rs_dzstatistics.h">
      <Filter>Header Files</Filter>
    </ClInclude>
    <ClInclude Include="rs_guid.h">
      <Filter>Header Files</Filter>
    </ClInclude>
    <ClInclude Include="rs_logger.h">
      <Filter>Header Files</Filter>
    </ClInclude>
    <ClInclude Include="rs_constants.h">
      <Filter>Header Files</Filter>
    </ClInclude>
    <ClInclude Include="rs_statistics.h">
      <Filter>Header Files</Filter>
    </ClInclude>
    <ClInclude Include="rs_version.h">
      <Filter>Header Files</Filter>
    </ClInclude>
  </ItemGroup>
  <ItemGroup>
    <CustomBuild Include="rs_clear_action.h">
      <Filter>Header Files</Filter>
    </CustomBuild>
    <CustomBuild Include="rs_pane.h">
      <Filter>Header Files</Filter>
    </CustomBuild>
    <CustomBuild Include="rs_pane_action.h">
      <Filter>Header Files</Filter>
    </CustomBuild>
    <CustomBuild Include="rs_qrenderimagebutton.h">
      <Filter>Header Files</Filter>
    </CustomBuild>
    <CustomBuild Include="rs_qstatisticslayout.h">
      <Filter>Header Files</Filter>
    </CustomBuild>
    <CustomBuild Include="rs_renderimage_dialog.h">
      <Filter>Header Files</Filter>
    </CustomBuild>
    <CustomBuild Include="rs_settings_dialog.h">
      <Filter>Header Files</Filter>
    </CustomBuild>
    <CustomBuild Include="rs_setup_action.h">
      <Filter>Header Files</Filter>
    </CustomBuild>
    <CustomBuild Include="rs_settings.h">
      <Filter>Header Files</Filter>
    </CustomBuild>
  </ItemGroup>
  <ItemGroup>
    <None Include="renderstatistics.def">
      <Filter>Source Files</Filter>
    </None>
    <None Include="packages.config" />
    <None Include="..\README.md">
      <Filter>Documentation</Filter>
    </None>
    <None Include="..\.gitignore" />
    <None Include="TODO.md">
      <Filter>Documentation</Filter>
    </None>
    <None Include="LICENSE">
      <Filter>Documentation</Filter>
    </None>
    <None Include="..\scripts\deploy-with-resources.bat">
      <Filter>Scripts</Filter>
    </None>
  </ItemGroup>
  <ItemGroup>
    <Natvis Include="qstrings.natvis" />
  </ItemGroup>
  <ItemGroup>
    <ResourceCompile Include="statistics.rc">
      <Filter>Resource Files</Filter>
    </ResourceCompile>
  </ItemGroup>
</Project>