<?xml version="1.0" encoding="utf-8"?>
<Project ToolsVersion="4.0" xmlns="http://schemas.microsoft.com/developer/msbuild/2003">
  <ItemGroup>
    <Filter Include="Source Files">
      <UniqueIdentifier>{4FC737F1-C7A5-4376-A066-2A32D752A2FF}</UniqueIdentifier>
      <Extensions>cpp;c;cc;cxx;def;odl;idl;hpj;bat;asm;asmx</Extensions>
    </Filter>
    <Filter Include="Header Files">
      <UniqueIdentifier>{93995380-89BD-4b04-88EB-625FBE52EBFB}</UniqueIdentifier>
      <Extensions>h;hh;hpp;hxx;hm;inl;inc;xsd</Extensions>
    </Filter>
    <Filter Include="Resource Files">
      <UniqueIdentifier>{67DA6AB6-F800-4c08-8B7A-83BB121AAD01}</UniqueIdentifier>
      <Extensions>rc;ico;cur;bmp;dlg;rc2;rct;bin;rgs;gif;jpg;jpeg;jpe;resx;tiff;tif;png;wav;mfcribbon-ms</Extensions>
    </Filter>
    <Filter Include="Meta Object Files">
      <UniqueIdentifier>{9eb7decf-e06f-491b-bb77-32c150b8e481}</UniqueIdentifier>
    </Filter>
    <Filter Include="Documentation">
      <UniqueIdentifier>{4fdb8630-eb00-48b2-9408-b3ec2bef7321}</UniqueIdentifier>
    </Filter>
  </ItemGroup>
  <ItemGroup>
    <ClCompile Include="pluginmain.cpp">
      <Filter>Source Files</Filter>
    </ClCompile>
    <ClCompile Include="pane.cpp">
      <Filter>Source Files</Filter>
    </ClCompile>
    <ClCompile Include="logger.cpp">
      <Filter>Source Files</Filter>
    </ClCompile>
    <ClCompile Include="statistics.cpp">
      <Filter>Source Files</Filter>
    </ClCompile>
    <ClCompile Include="qstatisticslayout.cpp">
      <Filter>Source Files</Filter>
    </ClCompile>
    <ClCompile Include="clear_action.cpp">
      <Filter>Source Files</Filter>
    </ClCompile>
    <ClCompile Include="renderimage_dialog.cpp">
      <Filter>Source Files</Filter>
    </ClCompile>
    <ClCompile Include="moc\clear_action_moc.cpp">
      <Filter>Meta Object Files</Filter>
    </ClCompile>
    <ClCompile Include="moc\pane_action_moc.cpp">
      <Filter>Meta Object Files</Filter>
    </ClCompile>
    <ClCompile Include="moc\pane_moc.cpp">
      <Filter>Meta Object Files</Filter>
    </ClCompile>
    <ClCompile Include="moc\qstatisticslayout_moc.cpp">
      <Filter>Meta Object Files</Filter>
    </ClCompile>
    <ClCompile Include="moc\renderimage_dialog_moc.cpp">
      <Filter>Meta Object Files</Filter>
    </ClCompile>
    <ClCompile Include="dzstatistics.cpp">
      <Filter>Source Files</Filter>
    </ClCompile>
  </ItemGroup>
  <ItemGroup>
    <ClInclude Include="version.h">
      <Filter>Header Files</Filter>
    </ClInclude>
    <ClInclude Include="guid.h">
      <Filter>Header Files</Filter>
    </ClInclude>
    <ClInclude Include="logger.h">
      <Filter>Header Files</Filter>
    </ClInclude>
    <ClInclude Include="statistics.h">
      <Filter>Header Files</Filter>
    </ClInclude>
    <ClInclude Include="dzstatistics.h">
      <Filter>Header Files</Filter>
    </ClInclude>
  </ItemGroup>
  <ItemGroup>
    <CustomBuild Include="pane.h">
      <Filter>Header Files</Filter>
    </CustomBuild>
    <CustomBuild Include="qstatisticslayout.h">
      <Filter>Header Files</Filter>
    </CustomBuild>
    <CustomBuild Include="clear_action.h">
      <Filter>Header Files</Filter>
    </CustomBuild>
    <CustomBuild Include="pane_action.h">
      <Filter>Header Files</Filter>
    </CustomBuild>
    <CustomBuild Include="renderimage_dialog.h">
      <Filter>Header Files</Filter>
    </CustomBuild>
  </ItemGroup>
  <ItemGroup>
    <None Include="renderstatistics.def">
      <Filter>Source Files</Filter>
    </None>
    <None Include="packages.config" />
    <None Include="..\README.md">
      <Filter>Documentation</Filter>
    </None>
    <None Include="..\.gitignore" />
    <None Include="TODO.md">
      <Filter>Documentation</Filter>
    </None>
    <None Include="LICENSE">
      <Filter>Documentation</Filter>
    </None>
  </ItemGroup>
  <ItemGroup>
    <Natvis Include="qstrings.natvis" />
  </ItemGroup>
</Project>